
Microsoft Visual Studio Solution File, Format Version 12.00
# Visual Studio Version 16
VisualStudioVersion = 16.0.33927.289
MinimumVisualStudioVersion = 10.0.40219.1
Project("{FAE04EC0-301F-11D3-BF4B-00C04F79EFBC}") = "Ex03.GarageLogic", "Ex03.GarageLogic\Ex03.GarageLogic.csproj", "{57BFE478-42CB-45CA-A053-82D541728CD0}"
EndProject
Project("{FAE04EC0-301F-11D3-BF4B-00C04F79EFBC}") = "Ex03.ConsoleUI", "Program\Ex03.ConsoleUI.csproj", "{04E5CB4A-97C9-449A-801B-787893C57E86}"
EndProject
Global
	GlobalSection(SolutionConfigurationPlatforms) = preSolution
		Debug|Any CPU = Debug|Any CPU
		Release|Any CPU = Release|Any CPU
	EndGlobalSection
	GlobalSection(ProjectConfigurationPlatforms) = postSolution
		{57BFE478-42CB-45CA-A053-82D541728CD0}.Debug|Any CPU.ActiveCfg = Debug|Any CPU
		{57BFE478-42CB-45CA-A053-82D541728CD0}.Debug|Any CPU.Build.0 = Debug|Any CPU
		{57BFE478-42CB-45CA-A053-82D541728CD0}.Release|Any CPU.ActiveCfg = Release|Any CPU
		{57BFE478-42CB-45CA-A053-82D541728CD0}.Release|Any CPU.Build.0 = Release|Any CPU
		{04E5CB4A-97C9-449A-801B-787893C57E86}.Debug|Any CPU.ActiveCfg = Debug|Any CPU
		{04E5CB4A-97C9-449A-801B-787893C57E86}.Debug|Any CPU.Build.0 = Debug|Any CPU
		{04E5CB4A-97C9-449A-801B-787893C57E86}.Release|Any CPU.ActiveCfg = Release|Any CPU
		{04E5CB4A-97C9-449A-801B-787893C57E86}.Release|Any CPU.Build.0 = Release|Any CPU
	EndGlobalSection
	GlobalSection(SolutionProperties) = preSolution
		HideSolutionNode = FALSE
	EndGlobalSection
	GlobalSection(ExtensibilityGlobals) = postSolution
		SolutionGuid = {011FF7D7-BCF1-4391-BF08-51A40E604240}
	EndGlobalSection
EndGlobal
