
Microsoft Visual Studio Solution File, Format Version 12.00
# Visual Studio Version 16
VisualStudioVersion = 16.0.33927.289
MinimumVisualStudioVersion = 10.0.40219.1
Project("{FAE04EC0-301F-11D3-BF4B-00C04F79EFBC}") = "EX02", "EX022\EX02.csproj", "{D409F884-7EFB-4B26-A631-52B7DAF91CF8}"
EndProject
Global
	GlobalSection(SolutionConfigurationPlatforms) = preSolution
		Debug|Any CPU = Debug|Any CPU
		Release|Any CPU = Release|Any CPU
	EndGlobalSection
	GlobalSection(ProjectConfigurationPlatforms) = postSolution
		{D409F884-7EFB-4B26-A631-52B7DAF91CF8}.Debug|Any CPU.ActiveCfg = Debug|Any CPU
		{D409F884-7EFB-4B26-A631-52B7DAF91CF8}.Debug|Any CPU.Build.0 = Debug|Any CPU
		{D409F884-7EFB-4B26-A631-52B7DAF91CF8}.Release|Any CPU.ActiveCfg = Release|Any CPU
		{D409F884-7EFB-4B26-A631-52B7DAF91CF8}.Release|Any CPU.Build.0 = Release|Any CPU
	EndGlobalSection
	GlobalSection(SolutionProperties) = preSolution
		HideSolutionNode = FALSE
	EndGlobalSection
	GlobalSection(ExtensibilityGlobals) = postSolution
		SolutionGuid = {AB0BDE11-D850-42B4-A062-8F19B0237317}
	EndGlobalSection
EndGlobal
